
Microsoft Visual Studio Solution File, Format Version 12.00
# Visual Studio Version 16
VisualStudioVersion = 16.0.31105.61
MinimumVisualStudioVersion = 10.0.40219.1
Project("{FAE04EC0-301F-11D3-BF4B-00C04F79EFBC}") = "FakeChan", "FakeChan\FakeChan.csproj", "{228767B9-A338-4511-83BF-6F1CF835DFFB}"
EndProject
Project("{2150E333-8FDC-42A3-9474-1A3956D46DE8}") = "Solution Items", "Solution Items", "{544DDE0A-E57C-4272-8351-9B52F96C2569}"
	ProjectSection(SolutionItems) = preProject
		README.md = README.md
	EndProjectSection
EndProject
Global
	GlobalSection(SolutionConfigurationPlatforms) = preSolution
		Debug|Any CPU = Debug|Any CPU
		Release|Any CPU = Release|Any CPU
	EndGlobalSection
	GlobalSection(ProjectConfigurationPlatforms) = postSolution
		{228767B9-A338-4511-83BF-6F1CF835DFFB}.Debug|Any CPU.ActiveCfg = Debug|Any CPU
		{228767B9-A338-4511-83BF-6F1CF835DFFB}.Debug|Any CPU.Build.0 = Debug|Any CPU
		{228767B9-A338-4511-83BF-6F1CF835DFFB}.Release|Any CPU.ActiveCfg = Release|Any CPU
		{228767B9-A338-4511-83BF-6F1CF835DFFB}.Release|Any CPU.Build.0 = Release|Any CPU
	EndGlobalSection
	GlobalSection(SolutionProperties) = preSolution
		HideSolutionNode = FALSE
	EndGlobalSection
	GlobalSection(ExtensibilityGlobals) = postSolution
		SolutionGuid = {C8E2EC83-3F93-4F19-99AB-BEDE0E136DFE}
	EndGlobalSection
EndGlobal
